
Microsoft Visual Studio Solution File, Format Version 12.00
# Visual Studio Version 17
VisualStudioVersion = 17.1.32210.238
MinimumVisualStudioVersion = 10.0.40219.1
Project("{FAE04EC0-301F-11D3-BF4B-00C04F79EFBC}") = "ProiectNou", "ProiectNou.csproj", "{F43B4300-C7E6-48C5-A9AD-5329EF030F0B}"
EndProject
Project("{FAE04EC0-301F-11D3-BF4B-00C04F79EFBC}") = "AdmCamin", "..\Camin\AdmCamin.csproj", "{E0F2B141-49A2-4BFE-AB02-8DBE9E1DD0AE}"
EndProject
Project("{FAE04EC0-301F-11D3-BF4B-00C04F79EFBC}") = "AdmCamera", "..\Camera\AdmCamera.csproj", "{E7C611DE-26D7-4825-BEEB-CFEF0AD819C6}"
EndProject
Project("{FAE04EC0-301F-11D3-BF4B-00C04F79EFBC}") = "AdmPersoana", "..\Persoana\AdmPersoana.csproj", "{964E629F-C4C4-4393-8663-804942D066C7}"
EndProject
Global
	GlobalSection(SolutionConfigurationPlatforms) = preSolution
		Debug|Any CPU = Debug|Any CPU
		Release|Any CPU = Release|Any CPU
	EndGlobalSection
	GlobalSection(ProjectConfigurationPlatforms) = postSolution
		{F43B4300-C7E6-48C5-A9AD-5329EF030F0B}.Debug|Any CPU.ActiveCfg = Debug|Any CPU
		{F43B4300-C7E6-48C5-A9AD-5329EF030F0B}.Debug|Any CPU.Build.0 = Debug|Any CPU
		{F43B4300-C7E6-48C5-A9AD-5329EF030F0B}.Release|Any CPU.ActiveCfg = Release|Any CPU
		{F43B4300-C7E6-48C5-A9AD-5329EF030F0B}.Release|Any CPU.Build.0 = Release|Any CPU
		{E0F2B141-49A2-4BFE-AB02-8DBE9E1DD0AE}.Debug|Any CPU.ActiveCfg = Debug|Any CPU
		{E0F2B141-49A2-4BFE-AB02-8DBE9E1DD0AE}.Debug|Any CPU.Build.0 = Debug|Any CPU
		{E0F2B141-49A2-4BFE-AB02-8DBE9E1DD0AE}.Release|Any CPU.ActiveCfg = Release|Any CPU
		{E0F2B141-49A2-4BFE-AB02-8DBE9E1DD0AE}.Release|Any CPU.Build.0 = Release|Any CPU
		{E7C611DE-26D7-4825-BEEB-CFEF0AD819C6}.Debug|Any CPU.ActiveCfg = Debug|Any CPU
		{E7C611DE-26D7-4825-BEEB-CFEF0AD819C6}.Debug|Any CPU.Build.0 = Debug|Any CPU
		{E7C611DE-26D7-4825-BEEB-CFEF0AD819C6}.Release|Any CPU.ActiveCfg = Release|Any CPU
		{E7C611DE-26D7-4825-BEEB-CFEF0AD819C6}.Release|Any CPU.Build.0 = Release|Any CPU
		{964E629F-C4C4-4393-8663-804942D066C7}.Debug|Any CPU.ActiveCfg = Debug|Any CPU
		{964E629F-C4C4-4393-8663-804942D066C7}.Debug|Any CPU.Build.0 = Debug|Any CPU
		{964E629F-C4C4-4393-8663-804942D066C7}.Release|Any CPU.ActiveCfg = Release|Any CPU
		{964E629F-C4C4-4393-8663-804942D066C7}.Release|Any CPU.Build.0 = Release|Any CPU
	EndGlobalSection
	GlobalSection(SolutionProperties) = preSolution
		HideSolutionNode = FALSE
	EndGlobalSection
	GlobalSection(ExtensibilityGlobals) = postSolution
		SolutionGuid = {4DF76CE6-7953-4856-8D39-5FA41F3C50A9}
	EndGlobalSection
EndGlobal
